
Microsoft Visual Studio Solution File, Format Version 12.00
# Visual Studio Version 17
VisualStudioVersion = 17.0.31903.59
MinimumVisualStudioVersion = 10.0.40219.1
Project("{FAE04EC0-301F-11D3-BF4B-00C04F79EFBC}") = "Tiferet.Avalonia.Agents", "Tiferet.Avalonia.Agents\Tiferet.Avalonia.Agents.csproj", "{B59345AD-DB97-4513-9E0B-CFFDF1D848D4}"
EndProject
Project("{FAE04EC0-301F-11D3-BF4B-00C04F79EFBC}") = "Tiferet.Avalonia.Agents.Tests", "Tiferet.Avalonia.Agents.Tests\Tiferet.Avalonia.Agents.Tests.csproj", "{7CD8C5A0-FA69-4326-B18C-FC4970105F14}"
EndProject
Project("{2150E333-8FDC-42A3-9474-1A3956D46DE8}") = "examples", "examples", "{B36A84DF-456D-A817-6EDD-3EC3E7F6E11F}"
EndProject
Project("{FAE04EC0-301F-11D3-BF4B-00C04F79EFBC}") = "Tiferet.Avalonia.Agents.Examples.Chat", "examples\Tiferet.Avalonia.Agents.Examples.Chat\Tiferet.Avalonia.Agents.Examples.Chat.csproj", "{27666390-CFC9-4E00-8D7B-8D6221383816}"
EndProject
Global
	GlobalSection(SolutionConfigurationPlatforms) = preSolution
		Debug|Any CPU = Debug|Any CPU
		Debug|x64 = Debug|x64
		Debug|x86 = Debug|x86
		Release|Any CPU = Release|Any CPU
		Release|x64 = Release|x64
		Release|x86 = Release|x86
	EndGlobalSection
	GlobalSection(ProjectConfigurationPlatforms) = postSolution
		{B59345AD-DB97-4513-9E0B-CFFDF1D848D4}.Debug|Any CPU.ActiveCfg = Debug|Any CPU
		{B59345AD-DB97-4513-9E0B-CFFDF1D848D4}.Debug|Any CPU.Build.0 = Debug|Any CPU
		{B59345AD-DB97-4513-9E0B-CFFDF1D848D4}.Debug|x64.ActiveCfg = Debug|Any CPU
		{B59345AD-DB97-4513-9E0B-CFFDF1D848D4}.Debug|x64.Build.0 = Debug|Any CPU
		{B59345AD-DB97-4513-9E0B-CFFDF1D848D4}.Debug|x86.ActiveCfg = Debug|Any CPU
		{B59345AD-DB97-4513-9E0B-CFFDF1D848D4}.Debug|x86.Build.0 = Debug|Any CPU
		{B59345AD-DB97-4513-9E0B-CFFDF1D848D4}.Release|Any CPU.ActiveCfg = Release|Any CPU
		{B59345AD-DB97-4513-9E0B-CFFDF1D848D4}.Release|Any CPU.Build.0 = Release|Any CPU
		{B59345AD-DB97-4513-9E0B-CFFDF1D848D4}.Release|x64.ActiveCfg = Release|Any CPU
		{B59345AD-DB97-4513-9E0B-CFFDF1D848D4}.Release|x64.Build.0 = Release|Any CPU
		{B59345AD-DB97-4513-9E0B-CFFDF1D848D4}.Release|x86.ActiveCfg = Release|Any CPU
		{B59345AD-DB97-4513-9E0B-CFFDF1D848D4}.Release|x86.Build.0 = Release|Any CPU
		{7CD8C5A0-FA69-4326-B18C-FC4970105F14}.Debug|Any CPU.ActiveCfg = Debug|Any CPU
		{7CD8C5A0-FA69-4326-B18C-FC4970105F14}.Debug|Any CPU.Build.0 = Debug|Any CPU
		{7CD8C5A0-FA69-4326-B18C-FC4970105F14}.Debug|x64.ActiveCfg = Debug|Any CPU
		{7CD8C5A0-FA69-4326-B18C-FC4970105F14}.Debug|x64.Build.0 = Debug|Any CPU
		{7CD8C5A0-FA69-4326-B18C-FC4970105F14}.Debug|x86.ActiveCfg = Debug|Any CPU
		{7CD8C5A0-FA69-4326-B18C-FC4970105F14}.Debug|x86.Build.0 = Debug|Any CPU
		{7CD8C5A0-FA69-4326-B18C-FC4970105F14}.Release|Any CPU.ActiveCfg = Release|Any CPU
		{7CD8C5A0-FA69-4326-B18C-FC4970105F14}.Release|Any CPU.Build.0 = Release|Any CPU
		{7CD8C5A0-FA69-4326-B18C-FC4970105F14}.Release|x64.ActiveCfg = Release|Any CPU
		{7CD8C5A0-FA69-4326-B18C-FC4970105F14}.Release|x64.Build.0 = Release|Any CPU
		{7CD8C5A0-FA69-4326-B18C-FC4970105F14}.Release|x86.ActiveCfg = Release|Any CPU
		{7CD8C5A0-FA69-4326-B18C-FC4970105F14}.Release|x86.Build.0 = Release|Any CPU
		{27666390-CFC9-4E00-8D7B-8D6221383816}.Debug|Any CPU.ActiveCfg = Debug|Any CPU
		{27666390-CFC9-4E00-8D7B-8D6221383816}.Debug|Any CPU.Build.0 = Debug|Any CPU
		{27666390-CFC9-4E00-8D7B-8D6221383816}.Debug|x64.ActiveCfg = Debug|Any CPU
		{27666390-CFC9-4E00-8D7B-8D6221383816}.Debug|x64.Build.0 = Debug|Any CPU
		{27666390-CFC9-4E00-8D7B-8D6221383816}.Debug|x86.ActiveCfg = Debug|Any CPU
		{27666390-CFC9-4E00-8D7B-8D6221383816}.Debug|x86.Build.0 = Debug|Any CPU
		{27666390-CFC9-4E00-8D7B-8D6221383816}.Release|Any CPU.ActiveCfg = Release|Any CPU
		{27666390-CFC9-4E00-8D7B-8D6221383816}.Release|Any CPU.Build.0 = Release|Any CPU
		{27666390-CFC9-4E00-8D7B-8D6221383816}.Release|x64.ActiveCfg = Release|Any CPU
		{27666390-CFC9-4E00-8D7B-8D6221383816}.Release|x64.Build.0 = Release|Any CPU
		{27666390-CFC9-4E00-8D7B-8D6221383816}.Release|x86.ActiveCfg = Release|Any CPU
		{27666390-CFC9-4E00-8D7B-8D6221383816}.Release|x86.Build.0 = Release|Any CPU
	EndGlobalSection
	GlobalSection(SolutionProperties) = preSolution
		HideSolutionNode = FALSE
	EndGlobalSection
	GlobalSection(NestedProjects) = preSolution
		{27666390-CFC9-4E00-8D7B-8D6221383816} = {B36A84DF-456D-A817-6EDD-3EC3E7F6E11F}
	EndGlobalSection
EndGlobal
